
Microsoft Visual Studio Solution File, Format Version 12.00
# Visual Studio Version 16
VisualStudioVersion = 16.0.30011.22
MinimumVisualStudioVersion = 10.0.40219.1
Project("{FAE04EC0-301F-11D3-BF4B-00C04F79EFBC}") = "chinesezodiac", "chinesezodiac\chinesezodiac.csproj", "{835D2E36-E358-419D-B319-26C2E2146DAA}"
EndProject
Global
	GlobalSection(SolutionConfigurationPlatforms) = preSolution
		Debug|Any CPU = Debug|Any CPU
		Release|Any CPU = Release|Any CPU
	EndGlobalSection
	GlobalSection(ProjectConfigurationPlatforms) = postSolution
		{835D2E36-E358-419D-B319-26C2E2146DAA}.Debug|Any CPU.ActiveCfg = Debug|Any CPU
		{835D2E36-E358-419D-B319-26C2E2146DAA}.Debug|Any CPU.Build.0 = Debug|Any CPU
		{835D2E36-E358-419D-B319-26C2E2146DAA}.Release|Any CPU.ActiveCfg = Release|Any CPU
		{835D2E36-E358-419D-B319-26C2E2146DAA}.Release|Any CPU.Build.0 = Release|Any CPU
	EndGlobalSection
	GlobalSection(SolutionProperties) = preSolution
		HideSolutionNode = FALSE
	EndGlobalSection
	GlobalSection(ExtensibilityGlobals) = postSolution
		SolutionGuid = {8F3DF3FB-BDB3-4652-A20A-C8FA6E25F662}
	EndGlobalSection
EndGlobal
